// !$*UTF8*$!
{
	archiveVersion = 1;
	classes = {
	};
	objectVersion = 50;
	objects = {

/* Begin PBXBuildFile section */
		D316CD8A265BB1E5004689F9 /* AppDelegate.swift in Sources */ = {isa = PBXBuildFile; fileRef = D316CD89265BB1E5004689F9 /* AppDelegate.swift */; };
		D316CD8C265BB1E5004689F9 /* SceneDelegate.swift in Sources */ = {isa = PBXBuildFile; fileRef = D316CD8B265BB1E5004689F9 /* SceneDelegate.swift */; };
		D316CD8E265BB1E5004689F9 /* ViewController.swift in Sources */ = {isa = PBXBuildFile; fileRef = D316CD8D265BB1E5004689F9 /* ViewController.swift */; };
		D316CD91265BB1E5004689F9 /* Main.storyboard in Resources */ = {isa = PBXBuildFile; fileRef = D316CD8F265BB1E5004689F9 /* Main.storyboard */; };
		D316CD94265BB1E5004689F9 /* MoviesMobileApp.xcdatamodeld in Sources */ = {isa = PBXBuildFile; fileRef = D316CD92265BB1E5004689F9 /* MoviesMobileApp.xcdatamodeld */; };
		D316CD96265BB1E8004689F9 /* Assets.xcassets in Resources */ = {isa = PBXBuildFile; fileRef = D316CD95265BB1E8004689F9 /* Assets.xcassets */; };
		D316CD99265BB1E8004689F9 /* LaunchScreen.storyboard in Resources */ = {isa = PBXBuildFile; fileRef = D316CD97265BB1E8004689F9 /* LaunchScreen.storyboard */; };
/* End PBXBuildFile section */

/* Begin PBXFileReference section */
		D316CD86265BB1E5004689F9 /* MoviesMobileApp.app */ = {isa = PBXFileReference; explicitFileType = wrapper.application; includeInIndex = 0; path = MoviesMobileApp.app; sourceTree = BUILT_PRODUCTS_DIR; };
		D316CD89265BB1E5004689F9 /* AppDelegate.swift */ = {isa = PBXFileReference; lastKnownFileType = sourcecode.swift; path = AppDelegate.swift; sourceTree = "<group>"; };
		D316CD8B265BB1E5004689F9 /* SceneDelegate.swift */ = {isa = PBXFileReference; lastKnownFileType = sourcecode.swift; path = SceneDelegate.swift; sourceTree = "<group>"; };
		D316CD8D265BB1E5004689F9 /* ViewController.swift */ = {isa = PBXFileReference; lastKnownFileType = sourcecode.swift; path = ViewController.swift; sourceTree = "<group>"; };
		D316CD90265BB1E5004689F9 /* Base */ = {isa = PBXFileReference; lastKnownFileType = file.storyboard; name = Base; path = Base.lproj/Main.storyboard; sourceTree = "<group>"; };
		D316CD93265BB1E5004689F9 /* MoviesMobileApp.xcdatamodel */ = {isa = PBXFileReference; lastKnownFileType = wrapper.xcdatamodel; path = MoviesMobileApp.xcdatamodel; sourceTree = "<group>"; };
		D316CD95265BB1E8004689F9 /* Assets.xcassets */ = {isa = PBXFileReference; lastKnownFileType = folder.assetcatalog; path = Assets.xcassets; sourceTree = "<group>"; };
		D316CD98265BB1E8004689F9 /* Base */ = {isa = PBXFileReference; lastKnownFileType = file.storyboard; name = Base; path = Base.lproj/LaunchScreen.storyboard; sourceTree = "<group>"; };
		D316CD9A265BB1E8004689F9 /* Info.plist */ = {isa = PBXFileReference; lastKnownFileType = text.plist.xml; path = Info.plist; sourceTree = "<group>"; };
/* End PBXFileReference section */

/* Begin PBXFrameworksBuildPhase section */
		D316CD83265BB1E5004689F9 /* Frameworks */ = {
			isa = PBXFrameworksBuildPhase;
			buildActionMask = 2147483647;
			files = (
			);
			runOnlyForDeploymentPostprocessing = 0;
		};
/* End PBXFrameworksBuildPhase section */

/* Begin PBXGroup section */
		D316CD7D265BB1E5004689F9 = {
			isa = PBXGroup;
			children = (
				D316CD88265BB1E5004689F9 /* MoviesMobileApp */,
				D316CD87265BB1E5004689F9 /* Products */,
			);
			sourceTree = "<group>";
		};
		D316CD87265BB1E5004689F9 /* Products */ = {
			isa = PBXGroup;
			children = (
				D316CD86265BB1E5004689F9 /* MoviesMobileApp.app */,
			);
			name = Products;
			sourceTree = "<group>";
		};
		D316CD88265BB1E5004689F9 /* MoviesMobileApp */ = {
			isa = PBXGroup;
			children = (
				D316CD89265BB1E5004689F9 /* AppDelegate.swift */,
				D316CD8B265BB1E5004689F9 /* SceneDelegate.swift */,
				D316CD8D265BB1E5004689F9 /* ViewController.swift */,
				D316CD8F265BB1E5004689F9 /* Main.storyboard */,
				D316CD95265BB1E8004689F9 /* Assets.xcassets */,
				D316CD97265BB1E8004689F9 /* LaunchScreen.storyboard */,
				D316CD9A265BB1E8004689F9 /* Info.plist */,
				D316CD92265BB1E5004689F9 /* MoviesMobileApp.xcdatamodeld */,
			);
			path = MoviesMobileApp;
			sourceTree = "<group>";
		};
/* End PBXGroup section */

/* Begin PBXNativeTarget section */
		D316CD85265BB1E5004689F9 /* MoviesMobileApp */ = {
			isa = PBXNativeTarget;
			buildConfigurationList = D316CD9D265BB1E8004689F9 /* Build configuration list for PBXNativeTarget "MoviesMobileApp" */;
			buildPhases = (
				D316CD82265BB1E5004689F9 /* Sources */,
				D316CD83265BB1E5004689F9 /* Frameworks */,
				D316CD84265BB1E5004689F9 /* Resources */,
			);
			buildRules = (
			);
			dependencies = (
			);
			name = MoviesMobileApp;
			productName = MoviesMobileApp;
			productReference = D316CD86265BB1E5004689F9 /* MoviesMobileApp.app */;
			productType = "com.apple.product-type.application";
		};
/* End PBXNativeTarget section */

/* Begin PBXProject section */
		D316CD7E265BB1E5004689F9 /* Project object */ = {
			isa = PBXProject;
			attributes = {
				LastSwiftUpdateCheck = 1220;
				LastUpgradeCheck = 1220;
				TargetAttributes = {
					D316CD85265BB1E5004689F9 = {
						CreatedOnToolsVersion = 12.2;
					};
				};
			};
			buildConfigurationList = D316CD81265BB1E5004689F9 /* Build configuration list for PBXProject "MoviesMobileApp" */;
			compatibilityVersion = "Xcode 9.3";
			developmentRegion = en;
			hasScannedForEncodings = 0;
			knownRegions = (
				en,
				Base,
			);
			mainGroup = D316CD7D265BB1E5004689F9;
			productRefGroup = D316CD87265BB1E5004689F9 /* Products */;
			projectDirPath = "";
			projectRoot = "";
			targets = (
				D316CD85265BB1E5004689F9 /* MoviesMobileApp */,
			);
		};
/* End PBXProject section */

/* Begin PBXResourcesBuildPhase section */
		D316CD84265BB1E5004689F9 /* Resources */ = {
			isa = PBXResourcesBuildPhase;
			buildActionMask = 2147483647;
			files = (
				D316CD99265BB1E8004689F9 /* LaunchScreen.storyboard in Resources */,
				D316CD96265BB1E8004689F9 /* Assets.xcassets in Resources */,
				D316CD91265BB1E5004689F9 /* Main.storyboard in Resources */,
			);
			runOnlyForDeploymentPostprocessing = 0;
		};
/* End PBXResourcesBuildPhase section */

/* Begin PBXSourcesBuildPhase section */
		D316CD82265BB1E5004689F9 /* Sources */ = {
			isa = PBXSourcesBuildPhase;
			buildActionMask = 2147483647;
			files = (
				D316CD94265BB1E5004689F9 /* MoviesMobileApp.xcdatamodeld in Sources */,
				D316CD8E265BB1E5004689F9 /* ViewController.swift in Sources */,
				D316CD8A265BB1E5004689F9 /* AppDelegate.swift in Sources */,
				D316CD8C265BB1E5004689F9 /* SceneDelegate.swift in Sources */,
			);
			runOnlyForDeploymentPostprocessing = 0;
		};
/* End PBXSourcesBuildPhase section */

/* Begin PBXVariantGroup section */
		D316CD8F265BB1E5004689F9 /* Main.storyboard */ = {
			isa = PBXVariantGroup;
			children = (
				D316CD90265BB1E5004689F9 /* Base */,
			);
			name = Main.storyboard;
			sourceTree = "<group>";
		};
		D316CD97265BB1E8004689F9 /* LaunchScreen.storyboard */ = {
			isa = PBXVariantGroup;
			children = (
				D316CD98265BB1E8004689F9 /* Base */,
			);
			name = LaunchScreen.storyboard;
			sourceTree = "<group>";
		};
/* End PBXVariantGroup section */

/* Begin XCBuildConfiguration section */
		D316CD9B265BB1E8004689F9 /* Debug */ = {
			isa = XCBuildConfiguration;
			buildSettings = {
				ALWAYS_SEARCH_USER_PATHS = NO;
				CLANG_ANALYZER_NONNULL = YES;
				CLANG_ANALYZER_NUMBER_OBJECT_CONVERSION = YES_AGGRESSIVE;
				CLANG_CXX_LANGUAGE_STANDARD = "gnu++14";
				CLANG_CXX_LIBRARY = "libc++";
				CLANG_ENABLE_MODULES = YES;
				CLANG_ENABLE_OBJC_ARC = YES;
				CLANG_ENABLE_OBJC_WEAK = YES;
				CLANG_WARN_BLOCK_CAPTURE_AUTORELEASING = YES;
				CLANG_WARN_BOOL_CONVERSION = YES;
				CLANG_WARN_COMMA = YES;
				CLANG_WARN_CONSTANT_CONVERSION = YES;
				CLANG_WARN_DEPRECATED_OBJC_IMPLEMENTATIONS = YES;
				CLANG_WARN_DIRECT_OBJC_ISA_USAGE = YES_ERROR;
				CLANG_WARN_DOCUMENTATION_COMMENTS = YES;
				CLANG_WARN_EMPTY_BODY = YES;
				CLANG_WARN_ENUM_CONVERSION = YES;
				CLANG_WARN_INFINITE_RECURSION = YES;
				CLANG_WARN_INT_CONVERSION = YES;
				CLANG_WARN_NON_LITERAL_NULL_CONVERSION = YES;
				CLANG_WARN_OBJC_IMPLICIT_RETAIN_SELF = YES;
				CLANG_WARN_OBJC_LITERAL_CONVERSION = YES;
				CLANG_WARN_OBJC_ROOT_CLASS = YES_ERROR;
				CLANG_WARN_QUOTED_INCLUDE_IN_FRAMEWORK_HEADER = YES;
				CLANG_WARN_RANGE_LOOP_ANALYSIS = YES;
				CLANG_WARN_STRICT_PROTOTYPES = YES;
				CLANG_WARN_SUSPICIOUS_MOVE = YES;
				CLANG_WARN_UNGUARDED_AVAILABILITY = YES_AGGRESSIVE;
				CLANG_WARN_UNREACHABLE_CODE = YES;
				CLANG_WARN__DUPLICATE_METHOD_MATCH = YES;
				COPY_PHASE_STRIP = NO;
				DEBUG_INFORMATION_FORMAT = dwarf;
				ENABLE_STRICT_OBJC_MSGSEND = YES;
				ENABLE_TESTABILITY = YES;
				GCC_C_LANGUAGE_STANDARD = gnu11;
				GCC_DYNAMIC_NO_PIC = NO;
				GCC_NO_COMMON_BLOCKS = YES;
				GCC_OPTIMIZATION_LEVEL = 0;
				GCC_PREPROCESSOR_DEFINITIONS = (
					"DEBUG=1",
					"$(inherited)",
				);
				GCC_WARN_64_TO_32_BIT_CONVERSION = YES;
				GCC_WARN_ABOUT_RETURN_TYPE = YES_ERROR;
				GCC_WARN_UNDECLARED_SELECTOR = YES;
				GCC_WARN_UNINITIALIZED_AUTOS = YES_AGGRESSIVE;
				GCC_WARN_UNUSED_FUNCTION = YES;
				GCC_WARN_UNUSED_VARIABLE = YES;
				IPHONEOS_DEPLOYMENT_TARGET = 14.2;
				MTL_ENABLE_DEBUG_INFO = INCLUDE_SOURCE;
				MTL_FAST_MATH = YES;
				ONLY_ACTIVE_ARCH = YES;
				SDKROOT = iphoneos;
				SWIFT_ACTIVE_COMPILATION_CONDITIONS = DEBUG;
				SWIFT_OPTIMIZATION_LEVEL = "-Onone";
			};
			name = Debug;
		};
		D316CD9C265BB1E8004689F9 /* Release */ = {
			isa = XCBuildConfiguration;
			buildSettings = {
				ALWAYS_SEARCH_USER_PATHS = NO;
				CLANG_ANALYZER_NONNULL = YES;
				CLANG_ANALYZER_NUMBER_OBJECT_CONVERSION = YES_AGGRESSIVE;
				CLANG_CXX_LANGUAGE_STANDARD = "gnu++14";
				CLANG_CXX_LIBRARY = "libc++";
				CLANG_ENABLE_MODULES = YES;
				CLANG_ENABLE_OBJC_ARC = YES;
				CLANG_ENABLE_OBJC_WEAK = YES;
				CLANG_WARN_BLOCK_CAPTURE_AUTORELEASING = YES;
				CLANG_WARN_BOOL_CONVERSION = YES;
				CLANG_WARN_COMMA = YES;
				CLANG_WARN_CONSTANT_CONVERSION = YES;
				CLANG_WARN_DEPRECATED_OBJC_IMPLEMENTATIONS = YES;
				CLANG_WARN_DIRECT_OBJC_ISA_USAGE = YES_ERROR;
				CLANG_WARN_DOCUMENTATION_COMMENTS = YES;
				CLANG_WARN_EMPTY_BODY = YES;
				CLANG_WARN_ENUM_CONVERSION = YES;
				CLANG_WARN_INFINITE_RECURSION = YES;
				CLANG_WARN_INT_CONVERSION = YES;
				CLANG_WARN_NON_LITERAL_NULL_CONVERSION = YES;
				CLANG_WARN_OBJC_IMPLICIT_RETAIN_SELF = YES;
				CLANG_WARN_OBJC_LITERAL_CONVERSION = YES;
				CLANG_WARN_OBJC_ROOT_CLASS = YES_ERROR;
				CLANG_WARN_QUOTED_INCLUDE_IN_FRAMEWORK_HEADER = YES;
				CLANG_WARN_RANGE_LOOP_ANALYSIS = YES;
				CLANG_WARN_STRICT_PROTOTYPES = YES;
				CLANG_WARN_SUSPICIOUS_MOVE = YES;
				CLANG_WARN_UNGUARDED_AVAILABILITY = YES_AGGRESSIVE;
				CLANG_WARN_UNREACHABLE_CODE = YES;
				CLANG_WARN__DUPLICATE_METHOD_MATCH = YES;
				COPY_PHASE_STRIP = NO;
				DEBUG_INFORMATION_FORMAT = "dwarf-with-dsym";
				ENABLE_NS_ASSERTIONS = NO;
				ENABLE_STRICT_OBJC_MSGSEND = YES;
				GCC_C_LANGUAGE_STANDARD = gnu11;
				GCC_NO_COMMON_BLOCKS = YES;
				GCC_WARN_64_TO_32_BIT_CONVERSION = YES;
				GCC_WARN_ABOUT_RETURN_TYPE = YES_ERROR;
				GCC_WARN_UNDECLARED_SELECTOR = YES;
				GCC_WARN_UNINITIALIZED_AUTOS = YES_AGGRESSIVE;
				GCC_WARN_UNUSED_FUNCTION = YES;
				GCC_WARN_UNUSED_VARIABLE = YES;
				IPHONEOS_DEPLOYMENT_TARGET = 14.2;
				MTL_ENABLE_DEBUG_INFO = NO;
				MTL_FAST_MATH = YES;
				SDKROOT = iphoneos;
				SWIFT_COMPILATION_MODE = wholemodule;
				SWIFT_OPTIMIZATION_LEVEL = "-O";
				VALIDATE_PRODUCT = YES;
			};
			name = Release;
		};
		D316CD9E265BB1E8004689F9 /* Debug */ = {
			isa = XCBuildConfiguration;
			buildSettings = {
				ASSETCATALOG_COMPILER_APPICON_NAME = AppIcon;
				ASSETCATALOG_COMPILER_GLOBAL_ACCENT_COLOR_NAME = AccentColor;
				CODE_SIGN_STYLE = Automatic;
				INFOPLIST_FILE = MoviesMobileApp/Info.plist;
				LD_RUNPATH_SEARCH_PATHS = (
					"$(inherited)",
					"@executable_path/Frameworks",
				);
				PRODUCT_BUNDLE_IDENTIFIER = com.shibaevaSvetlana.MoviesMobileApp;
				PRODUCT_NAME = "$(TARGET_NAME)";
				SWIFT_VERSION = 5.0;
				TARGETED_DEVICE_FAMILY = "1,2";
			};
			name = Debug;
		};
		D316CD9F265BB1E8004689F9 /* Release */ = {
			isa = XCBuildConfiguration;
			buildSettings = {
				ASSETCATALOG_COMPILER_APPICON_NAME = AppIcon;
				ASSETCATALOG_COMPILER_GLOBAL_ACCENT_COLOR_NAME = AccentColor;
				CODE_SIGN_STYLE = Automatic;
				INFOPLIST_FILE = MoviesMobileApp/Info.plist;
				LD_RUNPATH_SEARCH_PATHS = (
					"$(inherited)",
					"@executable_path/Frameworks",
				);
				PRODUCT_BUNDLE_IDENTIFIER = com.shibaevaSvetlana.MoviesMobileApp;
				PRODUCT_NAME = "$(TARGET_NAME)";
				SWIFT_VERSION = 5.0;
				TARGETED_DEVICE_FAMILY = "1,2";
			};
			name = Release;
		};
/* End XCBuildConfiguration section */

/* Begin XCConfigurationList section */
		D316CD81265BB1E5004689F9 /* Build configuration list for PBXProject "MoviesMobileApp" */ = {
			isa = XCConfigurationList;
			buildConfigurations = (
				D316CD9B265BB1E8004689F9 /* Debug */,
				D316CD9C265BB1E8004689F9 /* Release */,
			);
			defaultConfigurationIsVisible = 0;
			defaultConfigurationName = Release;
		};
		D316CD9D265BB1E8004689F9 /* Build configuration list for PBXNativeTarget "MoviesMobileApp" */ = {
			isa = XCConfigurationList;
			buildConfigurations = (
				D316CD9E265BB1E8004689F9 /* Debug */,
				D316CD9F265BB1E8004689F9 /* Release */,
			);
			defaultConfigurationIsVisible = 0;
			defaultConfigurationName = Release;
		};
/* End XCConfigurationList section */

/* Begin XCVersionGroup section */
		D316CD92265BB1E5004689F9 /* MoviesMobileApp.xcdatamodeld */ = {
			isa = XCVersionGroup;
			children = (
				D316CD93265BB1E5004689F9 /* MoviesMobileApp.xcdatamodel */,
			);
			currentVersion = D316CD93265BB1E5004689F9 /* MoviesMobileApp.xcdatamodel */;
			path = MoviesMobileApp.xcdatamodeld;
			sourceTree = "<group>";
			versionGroupType = wrapper.xcdatamodel;
		};
/* End XCVersionGroup section */
	};
	rootObject = D316CD7E265BB1E5004689F9 /* Project object */;
}
